// !$*UTF8*$!
{
	archiveVersion = 1;
	classes = {
	};
	objectVersion = 45;
	objects = {

/* Begin PBXAggregateTarget section */
		8C5E07E80B37C14F00EC858C /* Build All */ = {
			isa = PBXAggregateTarget;
			buildConfigurationList = 8C5E08010B37C18500EC858C /* Build configuration list for PBXAggregateTarget "Build All" */;
			buildPhases = (
			);
			dependencies = (
				8C5E07EA0B37C15B00EC858C /* PBXTargetDependency */,
				8CAE449A104B7909005F3191 /* PBXTargetDependency */,
				8C083DB412ECEBE800A285FA /* PBXTargetDependency */,
			);
			name = "Build All";
			productName = "Build All";
		};
/* End PBXAggregateTarget section */

/* Begin PBXBuildFile section */
		8C083D4912ECDBC600A285FA /* TestPlaceholderExpansion.m in Sources */ = {isa = PBXBuildFile; fileRef = 8C083D4812ECDBC600A285FA /* TestPlaceholderExpansion.m */; };
		8C0B73471564AB5A00FA1133 /* Webmailer.sdef in Resources */ = {isa = PBXBuildFile; fileRef = 8C0B73461564AB5A00FA1133 /* Webmailer.sdef */; };
		8C155A6A151AEA98002068BF /* DefaultsDomain.m in Sources */ = {isa = PBXBuildFile; fileRef = 8C155A69151AEA97002068BF /* DefaultsDomain.m */; };
		8C155A6B151AEA98002068BF /* DefaultsDomain.m in Sources */ = {isa = PBXBuildFile; fileRef = 8C155A69151AEA97002068BF /* DefaultsDomain.m */; };
		8C1C3A48156D4CB4005A334A /* drop.pdf in Resources */ = {isa = PBXBuildFile; fileRef = 8C1C3A47156D4CB4005A334A /* drop.pdf */; };
		8C1C3A4B156D4CBE005A334A /* DropOverlayView.m in Sources */ = {isa = PBXBuildFile; fileRef = 8C1C3A4A156D4CBE005A334A /* DropOverlayView.m */; };
		8C1C3A7F156D4DF8005A334A /* QuartzCore.framework in Frameworks */ = {isa = PBXBuildFile; fileRef = 8C1C3A7E156D4DF8005A334A /* QuartzCore.framework */; };
		8C2DF6D3104C6BA300729496 /* FullWidthView.m in Sources */ = {isa = PBXBuildFile; fileRef = 8C2DF6D2104C6BA300729496 /* FullWidthView.m */; };
		8C3196C4110A5EC000556615 /* UpdateController.m in Sources */ = {isa = PBXBuildFile; fileRef = 8C3196C3110A5EC000556615 /* UpdateController.m */; };
		8C379CA10B46F87D00F124AB /* mailhandlers_main.m in Sources */ = {isa = PBXBuildFile; fileRef = 8C379CA00B46F87D00F124AB /* mailhandlers_main.m */; };
		8C379FF50B46FE5A00F124AB /* icon.icns in Resources */ = {isa = PBXBuildFile; fileRef = 8CE4E5AE0B339FD4000CAE73 /* icon.icns */; };
		8C3840BF156BE82F00F7B42C /* PrefPane.xib in Resources */ = {isa = PBXBuildFile; fileRef = 8C3840BD156BE82F00F7B42C /* PrefPane.xib */; };
		8C38413D156BF47300F7B42C /* ConfigurationChooser.xib in Resources */ = {isa = PBXBuildFile; fileRef = 8C38413B156BF47300F7B42C /* ConfigurationChooser.xib */; };
		8C384192156C059500F7B42C /* AdditionalSettings.xib in Resources */ = {isa = PBXBuildFile; fileRef = 8C384190156C059500F7B42C /* AdditionalSettings.xib */; };
		8C384198156C118300F7B42C /* ExtraSettingsController.m in Sources */ = {isa = PBXBuildFile; fileRef = 8C384197156C118300F7B42C /* ExtraSettingsController.m */; };
		8C5E05730B37A96E00EC858C /* active.png in Resources */ = {isa = PBXBuildFile; fileRef = 8C6F00110B323DDF00EF8A76 /* active.png */; };
		8C5E05770B37A98500EC858C /* ImageForStateTransformer.m in Sources */ = {isa = PBXBuildFile; fileRef = 8C975AF60B30F03B00B481FB /* ImageForStateTransformer.m */; };
		8C63D2E612D2E54C009196DF /* NSString+PrototypeExpansion.m in Sources */ = {isa = PBXBuildFile; fileRef = 8C63D2E512D2E54C009196DF /* NSString+PrototypeExpansion.m */; };
		8C63D32D12D2F1EA009196DF /* SenTestingKit.framework in Frameworks */ = {isa = PBXBuildFile; fileRef = 8C63D32912D2F1E2009196DF /* SenTestingKit.framework */; };
		8C63D34612D2F222009196DF /* NSString+PrototypeExpansion.m in Sources */ = {isa = PBXBuildFile; fileRef = 8C63D2E512D2E54C009196DF /* NSString+PrototypeExpansion.m */; };
		8C63D34D12D2F312009196DF /* TestFieldParsing.m in Sources */ = {isa = PBXBuildFile; fileRef = 8C63D32712D2F137009196DF /* TestFieldParsing.m */; };
		8C6F00470B323F0000EF8A76 /* NSDictionary+NSArray+PlistMutableCopy.m in Sources */ = {isa = PBXBuildFile; fileRef = 8C6F00460B323F0000EF8A76 /* NSDictionary+NSArray+PlistMutableCopy.m */; };
		8C6FFBB20B3221F300EF8A76 /* PreferencePanes.framework in Frameworks */ = {isa = PBXBuildFile; fileRef = 8C6FFBB10B3221F300EF8A76 /* PreferencePanes.framework */; };
		8C6FFCDF0B3226AF00EF8A76 /* WebmailerDaemon.m in Sources */ = {isa = PBXBuildFile; fileRef = 8C6FFBE60B32248800EF8A76 /* WebmailerDaemon.m */; };
		8C6FFDB60B3228EB00EF8A76 /* WebmailerShared.m in Sources */ = {isa = PBXBuildFile; fileRef = 8C6FFDB50B3228EB00EF8A76 /* WebmailerShared.m */; };
		8C6FFDB70B3228EB00EF8A76 /* WebmailerShared.m in Sources */ = {isa = PBXBuildFile; fileRef = 8C6FFDB50B3228EB00EF8A76 /* WebmailerShared.m */; };
		8C6FFDF10B322B2F00EF8A76 /* WebmailerPref.m in Sources */ = {isa = PBXBuildFile; fileRef = 8C975B310B30FCA900B481FB /* WebmailerPref.m */; };
		8C6FFDF20B322B2F00EF8A76 /* ImageForStateTransformer.m in Sources */ = {isa = PBXBuildFile; fileRef = 8C975AF60B30F03B00B481FB /* ImageForStateTransformer.m */; };
		8C6FFDF40B322B3100EF8A76 /* NoReturnEditTableView.m in Sources */ = {isa = PBXBuildFile; fileRef = 8C975C960B3110C500B481FB /* NoReturnEditTableView.m */; };
		8C78582F0B326B5D00FB9370 /* Webmailer.app in Resources */ = {isa = PBXBuildFile; fileRef = 8C6FFCD90B32268900EF8A76 /* Webmailer.app */; };
		8C7858930B326E9E00FB9370 /* default.plist in Resources */ = {isa = PBXBuildFile; fileRef = 8C7858920B326E9E00FB9370 /* default.plist */; };
		8C8018E10B33D17B005334D3 /* EditTrackingTableView.m in Sources */ = {isa = PBXBuildFile; fileRef = 8C8018DF0B33D17B005334D3 /* EditTrackingTableView.m */; };
		8C8BDD3B1566FB2600F28BE9 /* WebmailerConfiguration.m in Sources */ = {isa = PBXBuildFile; fileRef = 8C8BDD3A1566FB2600F28BE9 /* WebmailerConfiguration.m */; };
		8C8BDDE91567105700F28BE9 /* ScriptingBridge.framework in Frameworks */ = {isa = PBXBuildFile; fileRef = 8CAE43C2104B78EC005F3191 /* ScriptingBridge.framework */; };
		8C8C5C20110A7CA800D57BBE /* download.png in Resources */ = {isa = PBXBuildFile; fileRef = 8C8C5C1F110A7CA800D57BBE /* download.png */; };
		8C9E9903110BCE4B00BD7153 /* dsa_pub.pem in Resources */ = {isa = PBXBuildFile; fileRef = 8C9E9902110BCE4A00BD7153 /* dsa_pub.pem */; };
		8CA479AB156C59B7007FF2BF /* URLHandlerController.m in Sources */ = {isa = PBXBuildFile; fileRef = 8CA479AA156C59B7007FF2BF /* URLHandlerController.m */; };
		8CA47A6A156C8AC8007FF2BF /* main.m in Sources */ = {isa = PBXBuildFile; fileRef = 8CA47A68156C8ABB007FF2BF /* main.m */; };
		8CA47AE3156C930F007FF2BF /* Localizable.strings in Resources */ = {isa = PBXBuildFile; fileRef = 8CA47AE2156C930F007FF2BF /* Localizable.strings */; };
		8CBEC2CE104B9F41006DCE23 /* AppKit.framework in Frameworks */ = {isa = PBXBuildFile; fileRef = 29B97324FDCFA39411CA2CEA /* AppKit.framework */; };
		8CBEC2CF104B9F42006DCE23 /* Foundation.framework in Frameworks */ = {isa = PBXBuildFile; fileRef = 29B97325FDCFA39411CA2CEA /* Foundation.framework */; };
		8CBEC2D0104B9F45006DCE23 /* AppKit.framework in Frameworks */ = {isa = PBXBuildFile; fileRef = 29B97324FDCFA39411CA2CEA /* AppKit.framework */; };
		8CBEC2D1104B9F46006DCE23 /* Foundation.framework in Frameworks */ = {isa = PBXBuildFile; fileRef = 29B97325FDCFA39411CA2CEA /* Foundation.framework */; };
		8CBEC2D2104B9F53006DCE23 /* AppKit.framework in Frameworks */ = {isa = PBXBuildFile; fileRef = 29B97324FDCFA39411CA2CEA /* AppKit.framework */; };
		8CBEC2D3104B9F53006DCE23 /* Foundation.framework in Frameworks */ = {isa = PBXBuildFile; fileRef = 29B97325FDCFA39411CA2CEA /* Foundation.framework */; };
		8CC47321110C3BBA004BEF06 /* AddRemoveButtonsController.m in Sources */ = {isa = PBXBuildFile; fileRef = 8CC47320110C3BBA004BEF06 /* AddRemoveButtonsController.m */; };
		8CC5D1501056346200ED5BF7 /* BWHyperlinkButton.m in Sources */ = {isa = PBXBuildFile; fileRef = 8CC5D14D1056346200ED5BF7 /* BWHyperlinkButton.m */; };
		8CC5D1511056346200ED5BF7 /* BWHyperlinkButtonCell.m in Sources */ = {isa = PBXBuildFile; fileRef = 8CC5D14F1056346200ED5BF7 /* BWHyperlinkButtonCell.m */; };
		8CD120ED156DCC2A0077C3E7 /* Sparkle.framework in Frameworks */ = {isa = PBXBuildFile; fileRef = 8CD120EC156DCC2A0077C3E7 /* Sparkle.framework */; };
		8CD120F6156DCC300077C3E7 /* Sparkle.framework in Copy Frameworks */ = {isa = PBXBuildFile; fileRef = 8CD120EC156DCC2A0077C3E7 /* Sparkle.framework */; };
		8CD12108156DCD1A0077C3E7 /* DBBackgroundView.framework in Frameworks */ = {isa = PBXBuildFile; fileRef = 8CD12107156DCD1A0077C3E7 /* DBBackgroundView.framework */; };
		8CD1210E156DCD230077C3E7 /* DBBackgroundView.framework in Copy Frameworks */ = {isa = PBXBuildFile; fileRef = 8CD12107156DCD1A0077C3E7 /* DBBackgroundView.framework */; };
		8CE4E5B10B339FD4000CAE73 /* icon.icns in Resources */ = {isa = PBXBuildFile; fileRef = 8CE4E5AE0B339FD4000CAE73 /* icon.icns */; };
		8CE4E5BF0B33A000000CAE73 /* icon_32.tiff in Resources */ = {isa = PBXBuildFile; fileRef = 8CE4E5BE0B33A000000CAE73 /* icon_32.tiff */; };
/* End PBXBuildFile section */

/* Begin PBXContainerItemProxy section */
		8C083DB312ECEBE800A285FA /* PBXContainerItemProxy */ = {
			isa = PBXContainerItemProxy;
			containerPortal = 29B97313FDCFA39411CA2CEA /* Project object */;
			proxyType = 1;
			remoteGlobalIDString = 8C63D31912D2F0AA009196DF;
			remoteInfo = Tests;
		};
		8C5E07E90B37C15B00EC858C /* PBXContainerItemProxy */ = {
			isa = PBXContainerItemProxy;
			containerPortal = 29B97313FDCFA39411CA2CEA /* Project object */;
			proxyType = 1;
			remoteGlobalIDString = 8C6FFB990B3220AC00EF8A76;
			remoteInfo = "Preference Pane";
		};
		8C7858300B326B6400FB9370 /* PBXContainerItemProxy */ = {
			isa = PBXContainerItemProxy;
			containerPortal = 29B97313FDCFA39411CA2CEA /* Project object */;
			proxyType = 1;
			remoteGlobalIDString = 8C6FFCD80B32268900EF8A76;
			remoteInfo = "Webmailer Daemon";
		};
		8CAE4499104B7909005F3191 /* PBXContainerItemProxy */ = {
			isa = PBXContainerItemProxy;
			containerPortal = 29B97313FDCFA39411CA2CEA /* Project object */;
			proxyType = 1;
			remoteGlobalIDString = 8C379C980B46F81400F124AB;
			remoteInfo = "Add Webmailer to Mail Handlers";
		};
/* End PBXContainerItemProxy section */

/* Begin PBXCopyFilesBuildPhase section */
		8C2E37CC11067CD600766AB1 /* Copy Frameworks */ = {
			isa = PBXCopyFilesBuildPhase;
			buildActionMask = 2147483647;
			dstPath = "";
			dstSubfolderSpec = 10;
			files = (
				8CD1210E156DCD230077C3E7 /* DBBackgroundView.framework in Copy Frameworks */,
				8CD120F6156DCC300077C3E7 /* Sparkle.framework in Copy Frameworks */,
			);
			name = "Copy Frameworks";
			runOnlyForDeploymentPostprocessing = 0;
		};
/* End PBXCopyFilesBuildPhase section */

/* Begin PBXFileReference section */
		29B97324FDCFA39411CA2CEA /* AppKit.framework */ = {isa = PBXFileReference; lastKnownFileType = wrapper.framework; name = AppKit.framework; path = /System/Library/Frameworks/AppKit.framework; sourceTree = "<absolute>"; };
		29B97325FDCFA39411CA2CEA /* Foundation.framework */ = {isa = PBXFileReference; lastKnownFileType = wrapper.framework; name = Foundation.framework; path = /System/Library/Frameworks/Foundation.framework; sourceTree = "<absolute>"; };
		8C083D4812ECDBC600A285FA /* TestPlaceholderExpansion.m */ = {isa = PBXFileReference; fileEncoding = 4; lastKnownFileType = sourcecode.c.objc; path = TestPlaceholderExpansion.m; sourceTree = "<group>"; };
		8C0B73461564AB5A00FA1133 /* Webmailer.sdef */ = {isa = PBXFileReference; fileEncoding = 4; lastKnownFileType = text.sdef; path = Webmailer.sdef; sourceTree = "<group>"; };
		8C155A68151AEA97002068BF /* DefaultsDomain.h */ = {isa = PBXFileReference; fileEncoding = 4; lastKnownFileType = sourcecode.c.h; path = DefaultsDomain.h; sourceTree = "<group>"; };
		8C155A69151AEA97002068BF /* DefaultsDomain.m */ = {isa = PBXFileReference; fileEncoding = 4; lastKnownFileType = sourcecode.c.objc; path = DefaultsDomain.m; sourceTree = "<group>"; };
		8C1C3A47156D4CB4005A334A /* drop.pdf */ = {isa = PBXFileReference; lastKnownFileType = image.pdf; path = drop.pdf; sourceTree = "<group>"; };
		8C1C3A49156D4CBE005A334A /* DropOverlayView.h */ = {isa = PBXFileReference; fileEncoding = 4; lastKnownFileType = sourcecode.c.h; path = DropOverlayView.h; sourceTree = "<group>"; };
		8C1C3A4A156D4CBE005A334A /* DropOverlayView.m */ = {isa = PBXFileReference; fileEncoding = 4; lastKnownFileType = sourcecode.c.objc; path = DropOverlayView.m; sourceTree = "<group>"; };
		8C1C3A7E156D4DF8005A334A /* QuartzCore.framework */ = {isa = PBXFileReference; lastKnownFileType = wrapper.framework; name = QuartzCore.framework; path = /System/Library/Frameworks/QuartzCore.framework; sourceTree = "<absolute>"; };
		8C2DF6D1104C6BA300729496 /* FullWidthView.h */ = {isa = PBXFileReference; fileEncoding = 4; lastKnownFileType = sourcecode.c.h; path = FullWidthView.h; sourceTree = "<group>"; };
		8C2DF6D2104C6BA300729496 /* FullWidthView.m */ = {isa = PBXFileReference; fileEncoding = 4; lastKnownFileType = sourcecode.c.objc; path = FullWidthView.m; sourceTree = "<group>"; };
		8C3196C2110A5EC000556615 /* UpdateController.h */ = {isa = PBXFileReference; fileEncoding = 4; lastKnownFileType = sourcecode.c.h; path = UpdateController.h; sourceTree = "<group>"; };
		8C3196C3110A5EC000556615 /* UpdateController.m */ = {isa = PBXFileReference; fileEncoding = 4; lastKnownFileType = sourcecode.c.objc; path = UpdateController.m; sourceTree = "<group>"; };
		8C36E4E00B35DD7300E6041F /* Read Me.rtf */ = {isa = PBXFileReference; lastKnownFileType = text.rtf; path = "Read Me.rtf"; sourceTree = "<group>"; };
		8C379C990B46F81400F124AB /* Add Webmailer to Mail Handlers.app */ = {isa = PBXFileReference; explicitFileType = wrapper.application; includeInIndex = 0; path = "Add Webmailer to Mail Handlers.app"; sourceTree = BUILT_PRODUCTS_DIR; };
		8C379C9B0B46F81500F124AB /* Add Webmailer to Mail Handlers-Info.plist */ = {isa = PBXFileReference; lastKnownFileType = text.plist.xml; path = "Add Webmailer to Mail Handlers-Info.plist"; sourceTree = "<group>"; };
		8C379CA00B46F87D00F124AB /* mailhandlers_main.m */ = {isa = PBXFileReference; fileEncoding = 4; lastKnownFileType = sourcecode.c.objc; path = mailhandlers_main.m; sourceTree = "<group>"; };
		8C379E170B46FD3500F124AB /* ApplicationServices.framework */ = {isa = PBXFileReference; lastKnownFileType = wrapper.framework; name = ApplicationServices.framework; path = /System/Library/Frameworks/ApplicationServices.framework; sourceTree = "<absolute>"; };
		8C3840BE156BE82F00F7B42C /* English */ = {isa = PBXFileReference; lastKnownFileType = file.xib; name = English; path = English.lproj/PrefPane.xib; sourceTree = "<group>"; };
		8C38413C156BF47300F7B42C /* English */ = {isa = PBXFileReference; lastKnownFileType = file.xib; name = English; path = English.lproj/ConfigurationChooser.xib; sourceTree = "<group>"; };
		8C384191156C059500F7B42C /* English */ = {isa = PBXFileReference; lastKnownFileType = file.xib; name = English; path = English.lproj/AdditionalSettings.xib; sourceTree = "<group>"; };
		8C384196156C118300F7B42C /* ExtraSettingsController.h */ = {isa = PBXFileReference; fileEncoding = 4; lastKnownFileType = sourcecode.c.h; path = ExtraSettingsController.h; sourceTree = "<group>"; };
		8C384197156C118300F7B42C /* ExtraSettingsController.m */ = {isa = PBXFileReference; fileEncoding = 4; lastKnownFileType = sourcecode.c.objc; path = ExtraSettingsController.m; sourceTree = "<group>"; };
		8C63D2DB12D2E126009196DF /* README.md */ = {isa = PBXFileReference; fileEncoding = 4; lastKnownFileType = text; path = README.md; sourceTree = "<group>"; };
		8C63D2E412D2E54C009196DF /* NSString+PrototypeExpansion.h */ = {isa = PBXFileReference; fileEncoding = 4; lastKnownFileType = sourcecode.c.h; path = "NSString+PrototypeExpansion.h"; sourceTree = "<group>"; };
		8C63D2E512D2E54C009196DF /* NSString+PrototypeExpansion.m */ = {isa = PBXFileReference; fileEncoding = 4; lastKnownFileType = sourcecode.c.objc; path = "NSString+PrototypeExpansion.m"; sourceTree = "<group>"; };
		8C63D31A12D2F0AA009196DF /* Tests.octest */ = {isa = PBXFileReference; explicitFileType = wrapper.cfbundle; includeInIndex = 0; path = Tests.octest; sourceTree = BUILT_PRODUCTS_DIR; };
		8C63D31B12D2F0AA009196DF /* Tests-Info.plist */ = {isa = PBXFileReference; lastKnownFileType = text.plist.xml; path = "Tests-Info.plist"; sourceTree = "<group>"; };
		8C63D32712D2F137009196DF /* TestFieldParsing.m */ = {isa = PBXFileReference; fileEncoding = 4; lastKnownFileType = sourcecode.c.objc; path = TestFieldParsing.m; sourceTree = "<group>"; };
		8C63D32912D2F1E2009196DF /* SenTestingKit.framework */ = {isa = PBXFileReference; lastKnownFileType = wrapper.framework; name = SenTestingKit.framework; path = Library/Frameworks/SenTestingKit.framework; sourceTree = DEVELOPER_DIR; };
		8C6F00110B323DDF00EF8A76 /* active.png */ = {isa = PBXFileReference; lastKnownFileType = image.png; path = active.png; sourceTree = "<group>"; };
		8C6F00450B323F0000EF8A76 /* NSDictionary+NSArray+PlistMutableCopy.h */ = {isa = PBXFileReference; fileEncoding = 30; lastKnownFileType = sourcecode.c.h; path = "NSDictionary+NSArray+PlistMutableCopy.h"; sourceTree = "<group>"; };
		8C6F00460B323F0000EF8A76 /* NSDictionary+NSArray+PlistMutableCopy.m */ = {isa = PBXFileReference; fileEncoding = 30; lastKnownFileType = sourcecode.c.objc; path = "NSDictionary+NSArray+PlistMutableCopy.m"; sourceTree = "<group>"; };
		8C6FFB500B321EC800EF8A76 /* Webmailer Daemon-Info.plist */ = {isa = PBXFileReference; lastKnownFileType = text.plist.xml; path = "Webmailer Daemon-Info.plist"; sourceTree = "<group>"; };
		8C6FFB9A0B3220AC00EF8A76 /* Webmailer.prefPane */ = {isa = PBXFileReference; explicitFileType = wrapper.cfbundle; includeInIndex = 0; path = Webmailer.prefPane; sourceTree = BUILT_PRODUCTS_DIR; };
		8C6FFB9B0B3220AD00EF8A76 /* Preference Pane-Info.plist */ = {isa = PBXFileReference; lastKnownFileType = text.plist.xml; path = "Preference Pane-Info.plist"; sourceTree = "<group>"; };
		8C6FFBB10B3221F300EF8A76 /* PreferencePanes.framework */ = {isa = PBXFileReference; lastKnownFileType = wrapper.framework; name = PreferencePanes.framework; path = /System/Library/Frameworks/PreferencePanes.framework; sourceTree = "<absolute>"; };
		8C6FFBE50B32248800EF8A76 /* WebmailerDaemon.h */ = {isa = PBXFileReference; fileEncoding = 4; lastKnownFileType = sourcecode.c.h; path = WebmailerDaemon.h; sourceTree = "<group>"; };
		8C6FFBE60B32248800EF8A76 /* WebmailerDaemon.m */ = {isa = PBXFileReference; fileEncoding = 4; lastKnownFileType = sourcecode.c.objc; path = WebmailerDaemon.m; sourceTree = "<group>"; };
		8C6FFCD90B32268900EF8A76 /* Webmailer.app */ = {isa = PBXFileReference; explicitFileType = wrapper.application; includeInIndex = 0; path = Webmailer.app; sourceTree = BUILT_PRODUCTS_DIR; };
		8C6FFD1B0B32286700EF8A76 /* WebmailerShared.h */ = {isa = PBXFileReference; fileEncoding = 4; lastKnownFileType = sourcecode.c.h; path = WebmailerShared.h; sourceTree = "<group>"; };
		8C6FFDB50B3228EB00EF8A76 /* WebmailerShared.m */ = {isa = PBXFileReference; fileEncoding = 4; lastKnownFileType = sourcecode.c.objc; path = WebmailerShared.m; sourceTree = "<group>"; };
		8C7858920B326E9E00FB9370 /* default.plist */ = {isa = PBXFileReference; fileEncoding = 30; languageSpecificationIdentifier = html; lastKnownFileType = text.plist; path = default.plist; sourceTree = "<group>"; };
		8C8018DE0B33D17B005334D3 /* EditTrackingTableView.h */ = {isa = PBXFileReference; fileEncoding = 4; lastKnownFileType = sourcecode.c.h; path = EditTrackingTableView.h; sourceTree = "<group>"; };
		8C8018DF0B33D17B005334D3 /* EditTrackingTableView.m */ = {isa = PBXFileReference; fileEncoding = 4; lastKnownFileType = sourcecode.c.objc; path = EditTrackingTableView.m; sourceTree = "<group>"; };
		8C8BDD391566FB2600F28BE9 /* WebmailerConfiguration.h */ = {isa = PBXFileReference; fileEncoding = 4; lastKnownFileType = sourcecode.c.h; path = WebmailerConfiguration.h; sourceTree = "<group>"; };
		8C8BDD3A1566FB2600F28BE9 /* WebmailerConfiguration.m */ = {isa = PBXFileReference; fileEncoding = 4; lastKnownFileType = sourcecode.c.objc; path = WebmailerConfiguration.m; sourceTree = "<group>"; };
		8C8C5C1F110A7CA800D57BBE /* download.png */ = {isa = PBXFileReference; lastKnownFileType = image.png; path = download.png; sourceTree = "<group>"; };
		8C975AF50B30F03B00B481FB /* ImageForStateTransformer.h */ = {isa = PBXFileReference; fileEncoding = 30; lastKnownFileType = sourcecode.c.h; path = ImageForStateTransformer.h; sourceTree = "<group>"; };
		8C975AF60B30F03B00B481FB /* ImageForStateTransformer.m */ = {isa = PBXFileReference; fileEncoding = 30; lastKnownFileType = sourcecode.c.objc; path = ImageForStateTransformer.m; sourceTree = "<group>"; };
		8C975B300B30FCA900B481FB /* WebmailerPref.h */ = {isa = PBXFileReference; fileEncoding = 30; lastKnownFileType = sourcecode.c.h; path = WebmailerPref.h; sourceTree = "<group>"; };
		8C975B310B30FCA900B481FB /* WebmailerPref.m */ = {isa = PBXFileReference; fileEncoding = 30; lastKnownFileType = sourcecode.c.objc; path = WebmailerPref.m; sourceTree = "<group>"; };
		8C975C950B3110C500B481FB /* NoReturnEditTableView.h */ = {isa = PBXFileReference; fileEncoding = 4; lastKnownFileType = sourcecode.c.h; path = NoReturnEditTableView.h; sourceTree = "<group>"; };
		8C975C960B3110C500B481FB /* NoReturnEditTableView.m */ = {isa = PBXFileReference; fileEncoding = 4; lastKnownFileType = sourcecode.c.objc; path = NoReturnEditTableView.m; sourceTree = "<group>"; };
		8C9E9902110BCE4A00BD7153 /* dsa_pub.pem */ = {isa = PBXFileReference; fileEncoding = 4; lastKnownFileType = text; name = dsa_pub.pem; path = "../Sparkle 1/dsa_pub.pem"; sourceTree = SOURCE_ROOT; };
		8CA479A9156C59B7007FF2BF /* URLHandlerController.h */ = {isa = PBXFileReference; fileEncoding = 4; lastKnownFileType = sourcecode.c.h; path = URLHandlerController.h; sourceTree = "<group>"; };
		8CA479AA156C59B7007FF2BF /* URLHandlerController.m */ = {isa = PBXFileReference; fileEncoding = 4; lastKnownFileType = sourcecode.c.objc; path = URLHandlerController.m; sourceTree = "<group>"; };
		8CA47A68156C8ABB007FF2BF /* main.m */ = {isa = PBXFileReference; fileEncoding = 4; lastKnownFileType = sourcecode.c.objc; path = main.m; sourceTree = "<group>"; };
		8CA47AE0156C930B007FF2BF /* English */ = {isa = PBXFileReference; fileEncoding = 4; lastKnownFileType = text.plist.strings; name = English; path = English.lproj/Localizable.strings; sourceTree = "<group>"; };
		8CAE43C2104B78EC005F3191 /* ScriptingBridge.framework */ = {isa = PBXFileReference; lastKnownFileType = wrapper.framework; name = ScriptingBridge.framework; path = /System/Library/Frameworks/ScriptingBridge.framework; sourceTree = "<absolute>"; };
		8CAE44B4104B7ABA005F3191 /* SystemPreferences.h */ = {isa = PBXFileReference; fileEncoding = 4; lastKnownFileType = sourcecode.c.h; path = SystemPreferences.h; sourceTree = "<group>"; };
		8CAE44BA104B7B82005F3191 /* Terminal.h */ = {isa = PBXFileReference; fileEncoding = 4; lastKnownFileType = sourcecode.c.h; path = Terminal.h; sourceTree = "<group>"; };
		8CB3590B12E6C71400919F1D /* NSString+PrototypeExpansionPrivate.h */ = {isa = PBXFileReference; fileEncoding = 4; lastKnownFileType = sourcecode.c.h; path = "NSString+PrototypeExpansionPrivate.h"; sourceTree = "<group>"; };
		8CC4731F110C3BBA004BEF06 /* AddRemoveButtonsController.h */ = {isa = PBXFileReference; fileEncoding = 4; lastKnownFileType = sourcecode.c.h; path = AddRemoveButtonsController.h; sourceTree = "<group>"; };
		8CC47320110C3BBA004BEF06 /* AddRemoveButtonsController.m */ = {isa = PBXFileReference; fileEncoding = 4; lastKnownFileType = sourcecode.c.objc; path = AddRemoveButtonsController.m; sourceTree = "<group>"; };
		8CC5D14C1056346200ED5BF7 /* BWHyperlinkButton.h */ = {isa = PBXFileReference; fileEncoding = 4; lastKnownFileType = sourcecode.c.h; path = BWHyperlinkButton.h; sourceTree = "<group>"; };
		8CC5D14D1056346200ED5BF7 /* BWHyperlinkButton.m */ = {isa = PBXFileReference; fileEncoding = 4; lastKnownFileType = sourcecode.c.objc; path = BWHyperlinkButton.m; sourceTree = "<group>"; };
		8CC5D14E1056346200ED5BF7 /* BWHyperlinkButtonCell.h */ = {isa = PBXFileReference; fileEncoding = 4; lastKnownFileType = sourcecode.c.h; path = BWHyperlinkButtonCell.h; sourceTree = "<group>"; };
		8CC5D14F1056346200ED5BF7 /* BWHyperlinkButtonCell.m */ = {isa = PBXFileReference; fileEncoding = 4; lastKnownFileType = sourcecode.c.objc; path = BWHyperlinkButtonCell.m; sourceTree = "<group>"; };
		8CD12079156DCA2F0077C3E7 /* SUHost.h */ = {isa = PBXFileReference; fileEncoding = 4; lastKnownFileType = sourcecode.c.h; path = SUHost.h; sourceTree = "<group>"; };
		8CD1207A156DCA2F0077C3E7 /* SUStatusController.h */ = {isa = PBXFileReference; fileEncoding = 4; lastKnownFileType = sourcecode.c.h; path = SUStatusController.h; sourceTree = "<group>"; };
		8CD1207B156DCA2F0077C3E7 /* SUUIBasedUpdateDriver.h */ = {isa = PBXFileReference; fileEncoding = 4; lastKnownFileType = sourcecode.c.h; path = SUUIBasedUpdateDriver.h; sourceTree = "<group>"; };
		8CD1207C156DCA2F0077C3E7 /* SUUpdateAlert.h */ = {isa = PBXFileReference; fileEncoding = 4; lastKnownFileType = sourcecode.c.h; path = SUUpdateAlert.h; sourceTree = "<group>"; };
		8CD120EC156DCC2A0077C3E7 /* Sparkle.framework */ = {isa = PBXFileReference; lastKnownFileType = wrapper.framework; path = Sparkle.framework; sourceTree = "<group>"; };
		8CD12101156DCCC70077C3E7 /* SUWindowController.h */ = {isa = PBXFileReference; fileEncoding = 4; lastKnownFileType = sourcecode.c.h; path = SUWindowController.h; sourceTree = "<group>"; };
		8CD12102156DCCFF0077C3E7 /* SUBasicUpdateDriver.h */ = {isa = PBXFileReference; fileEncoding = 4; lastKnownFileType = sourcecode.c.h; path = SUBasicUpdateDriver.h; sourceTree = "<group>"; };
		8CD12103156DCD040077C3E7 /* SUUpdateDriver.h */ = {isa = PBXFileReference; fileEncoding = 4; lastKnownFileType = sourcecode.c.h; path = SUUpdateDriver.h; sourceTree = "<group>"; };
		8CD12107156DCD1A0077C3E7 /* DBBackgroundView.framework */ = {isa = PBXFileReference; lastKnownFileType = wrapper.framework; path = DBBackgroundView.framework; sourceTree = "<group>"; };
		8CE4E5AE0B339FD4000CAE73 /* icon.icns */ = {isa = PBXFileReference; lastKnownFileType = image.icns; path = icon.icns; sourceTree = "<group>"; };
		8CE4E5BE0B33A000000CAE73 /* icon_32.tiff */ = {isa = PBXFileReference; lastKnownFileType = image.tiff; path = icon_32.tiff; sourceTree = "<group>"; };
		8CFEB4F912C9E076002D85E8 /* ScriptingBridgeApps.h */ = {isa = PBXFileReference; fileEncoding = 4; lastKnownFileType = sourcecode.c.h; path = ScriptingBridgeApps.h; sourceTree = "<group>"; };
/* End PBXFileReference section */

/* Begin PBXFrameworksBuildPhase section */
		8C379C970B46F81400F124AB /* Frameworks */ = {
			isa = PBXFrameworksBuildPhase;
			buildActionMask = 2147483647;
			files = (
				8CBEC2CE104B9F41006DCE23 /* AppKit.framework in Frameworks */,
				8CBEC2CF104B9F42006DCE23 /* Foundation.framework in Frameworks */,
			);
			runOnlyForDeploymentPostprocessing = 0;
		};
		8C63D31712D2F0AA009196DF /* Frameworks */ = {
			isa = PBXFrameworksBuildPhase;
			buildActionMask = 2147483647;
			files = (
				8C63D32D12D2F1EA009196DF /* SenTestingKit.framework in Frameworks */,
			);
			runOnlyForDeploymentPostprocessing = 0;
		};
		8C6FFB980B3220AC00EF8A76 /* Frameworks */ = {
			isa = PBXFrameworksBuildPhase;
			buildActionMask = 2147483647;
			files = (
				8C6FFBB20B3221F300EF8A76 /* PreferencePanes.framework in Frameworks */,
				8CBEC2D0104B9F45006DCE23 /* AppKit.framework in Frameworks */,
				8CBEC2D1104B9F46006DCE23 /* Foundation.framework in Frameworks */,
				8C1C3A7F156D4DF8005A334A /* QuartzCore.framework in Frameworks */,
				8CD120ED156DCC2A0077C3E7 /* Sparkle.framework in Frameworks */,
				8CD12108156DCD1A0077C3E7 /* DBBackgroundView.framework in Frameworks */,
			);
			runOnlyForDeploymentPostprocessing = 0;
		};
		8C6FFCD70B32268900EF8A76 /* Frameworks */ = {
			isa = PBXFrameworksBuildPhase;
			buildActionMask = 2147483647;
			files = (
				8CBEC2D2104B9F53006DCE23 /* AppKit.framework in Frameworks */,
				8CBEC2D3104B9F53006DCE23 /* Foundation.framework in Frameworks */,
				8C8BDDE91567105700F28BE9 /* ScriptingBridge.framework in Frameworks */,
			);
			runOnlyForDeploymentPostprocessing = 0;
		};
/* End PBXFrameworksBuildPhase section */

/* Begin PBXGroup section */
		080E96DDFE201D6D7F000001 /* Daemon */ = {
			isa = PBXGroup;
			children = (
				8CA47A68156C8ABB007FF2BF /* main.m */,
				8C6FFBE50B32248800EF8A76 /* WebmailerDaemon.h */,
				8C6FFBE60B32248800EF8A76 /* WebmailerDaemon.m */,
				8C8BDD391566FB2600F28BE9 /* WebmailerConfiguration.h */,
				8C8BDD3A1566FB2600F28BE9 /* WebmailerConfiguration.m */,
				8C63D2E412D2E54C009196DF /* NSString+PrototypeExpansion.h */,
				8CB3590B12E6C71400919F1D /* NSString+PrototypeExpansionPrivate.h */,
				8C63D2E512D2E54C009196DF /* NSString+PrototypeExpansion.m */,
				8CFEB4F912C9E076002D85E8 /* ScriptingBridgeApps.h */,
				8CAE44B4104B7ABA005F3191 /* SystemPreferences.h */,
				8CAE44BA104B7B82005F3191 /* Terminal.h */,
				8C384164156C000E00F7B42C /* Resources */,
			);
			name = Daemon;
			sourceTree = "<group>";
		};
		19C28FACFE9D520D11CA2CBB /* Products */ = {
			isa = PBXGroup;
			children = (
				8C6FFB9A0B3220AC00EF8A76 /* Webmailer.prefPane */,
				8C6FFCD90B32268900EF8A76 /* Webmailer.app */,
				8C379C990B46F81400F124AB /* Add Webmailer to Mail Handlers.app */,
				8C63D31A12D2F0AA009196DF /* Tests.octest */,
			);
			name = Products;
			sourceTree = "<group>";
		};
		29B97314FDCFA39411CA2CEA /* Webmailer */ = {
			isa = PBXGroup;
			children = (
				8C63D2DB12D2E126009196DF /* README.md */,
				8C36E4E00B35DD7300E6041F /* Read Me.rtf */,
				080E96DDFE201D6D7F000001 /* Daemon */,
				8C6FFB6C0B32203300EF8A76 /* Preference Pane */,
				29B97315FDCFA39411CA2CEA /* Shared */,
				8C384180156C007300F7B42C /* Mail Hander Fix */,
				8C63D32012D2F10B009196DF /* Testing */,
				29B97323FDCFA39411CA2CEA /* System Frameworks */,
				19C28FACFE9D520D11CA2CBB /* Products */,
			);
			name = Webmailer;
			sourceTree = "<group>";
		};
		29B97315FDCFA39411CA2CEA /* Shared */ = {
			isa = PBXGroup;
			children = (
				8C6FFD1B0B32286700EF8A76 /* WebmailerShared.h */,
				8C6FFDB50B3228EB00EF8A76 /* WebmailerShared.m */,
				8C975AF50B30F03B00B481FB /* ImageForStateTransformer.h */,
				8C975AF60B30F03B00B481FB /* ImageForStateTransformer.m */,
				8C155A68151AEA97002068BF /* DefaultsDomain.h */,
				8C155A69151AEA97002068BF /* DefaultsDomain.m */,
			);
			name = Shared;
			sourceTree = "<group>";
		};
		29B97317FDCFA39411CA2CEA /* Resources */ = {
			isa = PBXGroup;
			children = (
				8C7858920B326E9E00FB9370 /* default.plist */,
				8C8C5C1F110A7CA800D57BBE /* download.png */,
				8CE4E5BE0B33A000000CAE73 /* icon_32.tiff */,
				8C1C3A47156D4CB4005A334A /* drop.pdf */,
				8C9E9902110BCE4A00BD7153 /* dsa_pub.pem */,
				8C3840BD156BE82F00F7B42C /* PrefPane.xib */,
				8C384190156C059500F7B42C /* AdditionalSettings.xib */,
				8CA47AE2156C930F007FF2BF /* Localizable.strings */,
				8C6FFB9B0B3220AD00EF8A76 /* Preference Pane-Info.plist */,
				8CD12107156DCD1A0077C3E7 /* DBBackgroundView.framework */,
			);
			name = Resources;
			sourceTree = "<group>";
		};
		29B97323FDCFA39411CA2CEA /* System Frameworks */ = {
			isa = PBXGroup;
			children = (
				8C6FFBB10B3221F300EF8A76 /* PreferencePanes.framework */,
				8CAE43C2104B78EC005F3191 /* ScriptingBridge.framework */,
				8C1C3A7E156D4DF8005A334A /* QuartzCore.framework */,
				8C379E170B46FD3500F124AB /* ApplicationServices.framework */,
				29B97324FDCFA39411CA2CEA /* AppKit.framework */,
				29B97325FDCFA39411CA2CEA /* Foundation.framework */,
			);
			name = "System Frameworks";
			sourceTree = "<group>";
		};
		8C384164156C000E00F7B42C /* Resources */ = {
			isa = PBXGroup;
			children = (
				8C0B73461564AB5A00FA1133 /* Webmailer.sdef */,
				8C6FFB500B321EC800EF8A76 /* Webmailer Daemon-Info.plist */,
				8CE4E5AE0B339FD4000CAE73 /* icon.icns */,
				8C6F00110B323DDF00EF8A76 /* active.png */,
				8C38413B156BF47300F7B42C /* ConfigurationChooser.xib */,
			);
			name = Resources;
			sourceTree = "<group>";
		};
		8C384180156C007300F7B42C /* Mail Hander Fix */ = {
			isa = PBXGroup;
			children = (
				8C379CA00B46F87D00F124AB /* mailhandlers_main.m */,
				8C379C9B0B46F81500F124AB /* Add Webmailer to Mail Handlers-Info.plist */,
			);
			name = "Mail Hander Fix";
			sourceTree = "<group>";
		};
		8C63D32012D2F10B009196DF /* Testing */ = {
			isa = PBXGroup;
			children = (
				8C63D32712D2F137009196DF /* TestFieldParsing.m */,
				8C083D4812ECDBC600A285FA /* TestPlaceholderExpansion.m */,
				8C63D31B12D2F0AA009196DF /* Tests-Info.plist */,
				8C63D32912D2F1E2009196DF /* SenTestingKit.framework */,
			);
			name = Testing;
			sourceTree = "<group>";
		};
		8C6FFB6C0B32203300EF8A76 /* Preference Pane */ = {
			isa = PBXGroup;
			children = (
				8C975B300B30FCA900B481FB /* WebmailerPref.h */,
				8C975B310B30FCA900B481FB /* WebmailerPref.m */,
				8CA479A9156C59B7007FF2BF /* URLHandlerController.h */,
				8CA479AA156C59B7007FF2BF /* URLHandlerController.m */,
				8C3196C2110A5EC000556615 /* UpdateController.h */,
				8C3196C3110A5EC000556615 /* UpdateController.m */,
				8CC4731F110C3BBA004BEF06 /* AddRemoveButtonsController.h */,
				8CC47320110C3BBA004BEF06 /* AddRemoveButtonsController.m */,
				8C384196156C118300F7B42C /* ExtraSettingsController.h */,
				8C384197156C118300F7B42C /* ExtraSettingsController.m */,
				8C975C950B3110C500B481FB /* NoReturnEditTableView.h */,
				8C975C960B3110C500B481FB /* NoReturnEditTableView.m */,
				8C8018DE0B33D17B005334D3 /* EditTrackingTableView.h */,
				8C8018DF0B33D17B005334D3 /* EditTrackingTableView.m */,
				8C2DF6D1104C6BA300729496 /* FullWidthView.h */,
				8C2DF6D2104C6BA300729496 /* FullWidthView.m */,
				8C1C3A49156D4CBE005A334A /* DropOverlayView.h */,
				8C1C3A4A156D4CBE005A334A /* DropOverlayView.m */,
				8C6F00450B323F0000EF8A76 /* NSDictionary+NSArray+PlistMutableCopy.h */,
				8C6F00460B323F0000EF8A76 /* NSDictionary+NSArray+PlistMutableCopy.m */,
				8CC5D14B1056346200ED5BF7 /* BWHyperlinkButton */,
				8CD12076156DC9460077C3E7 /* Sparkle */,
				29B97317FDCFA39411CA2CEA /* Resources */,
			);
			name = "Preference Pane";
			sourceTree = "<group>";
		};
		8CC5D14B1056346200ED5BF7 /* BWHyperlinkButton */ = {
			isa = PBXGroup;
			children = (
				8CC5D14C1056346200ED5BF7 /* BWHyperlinkButton.h */,
				8CC5D14D1056346200ED5BF7 /* BWHyperlinkButton.m */,
				8CC5D14E1056346200ED5BF7 /* BWHyperlinkButtonCell.h */,
				8CC5D14F1056346200ED5BF7 /* BWHyperlinkButtonCell.m */,
			);
			path = BWHyperlinkButton;
			sourceTree = "<group>";
		};
		8CD12076156DC9460077C3E7 /* Sparkle */ = {
			isa = PBXGroup;
			children = (
				8CD12102156DCCFF0077C3E7 /* SUBasicUpdateDriver.h */,
				8CD12079156DCA2F0077C3E7 /* SUHost.h */,
				8CD1207A156DCA2F0077C3E7 /* SUStatusController.h */,
				8CD1207B156DCA2F0077C3E7 /* SUUIBasedUpdateDriver.h */,
				8CD1207C156DCA2F0077C3E7 /* SUUpdateAlert.h */,
				8CD12103156DCD040077C3E7 /* SUUpdateDriver.h */,
				8CD12101156DCCC70077C3E7 /* SUWindowController.h */,
				8CD120EC156DCC2A0077C3E7 /* Sparkle.framework */,
			);
			path = Sparkle;
			sourceTree = "<group>";
		};
/* End PBXGroup section */

/* Begin PBXNativeTarget section */
		8C379C980B46F81400F124AB /* Add Webmailer to Mail Handlers */ = {
			isa = PBXNativeTarget;
			buildConfigurationList = 8C379C9C0B46F81600F124AB /* Build configuration list for PBXNativeTarget "Add Webmailer to Mail Handlers" */;
			buildPhases = (
				8C379C950B46F81400F124AB /* Resources */,
				8C379C960B46F81400F124AB /* Sources */,
				8C379C970B46F81400F124AB /* Frameworks */,
			);
			buildRules = (
			);
			dependencies = (
			);
			name = "Add Webmailer to Mail Handlers";
			productName = "Add Webmailer to Mail Handlers";
			productReference = 8C379C990B46F81400F124AB /* Add Webmailer to Mail Handlers.app */;
			productType = "com.apple.product-type.application";
		};
		8C63D31912D2F0AA009196DF /* Tests */ = {
			isa = PBXNativeTarget;
			buildConfigurationList = 8C63D31E12D2F0AB009196DF /* Build configuration list for PBXNativeTarget "Tests" */;
			buildPhases = (
				8C63D31512D2F0AA009196DF /* Resources */,
				8C63D31612D2F0AA009196DF /* Sources */,
				8C63D31712D2F0AA009196DF /* Frameworks */,
				8C63D31812D2F0AA009196DF /* ShellScript */,
			);
			buildRules = (
			);
			dependencies = (
			);
			name = Tests;
			productName = Tests;
			productReference = 8C63D31A12D2F0AA009196DF /* Tests.octest */;
			productType = "com.apple.product-type.bundle";
		};
		8C6FFB990B3220AC00EF8A76 /* Preference Pane */ = {
			isa = PBXNativeTarget;
			buildConfigurationList = 8C6FFB9C0B3220AD00EF8A76 /* Build configuration list for PBXNativeTarget "Preference Pane" */;
			buildPhases = (
				8C6FFB960B3220AC00EF8A76 /* Resources */,
				8C6FFB970B3220AC00EF8A76 /* Sources */,
				8C2E37CC11067CD600766AB1 /* Copy Frameworks */,
				8C6FFB980B3220AC00EF8A76 /* Frameworks */,
				8C9E9A42110BE70100BD7153 /* Copy and Symlink Resources */,
				8C9E9B63110BEFDC00BD7153 /* Symlink Preference Pane */,
			);
			buildRules = (
			);
			dependencies = (
				8C7858310B326B6400FB9370 /* PBXTargetDependency */,
			);
			name = "Preference Pane";
			productName = "Preference Pane";
			productReference = 8C6FFB9A0B3220AC00EF8A76 /* Webmailer.prefPane */;
			productType = "com.apple.product-type.bundle";
		};
		8C6FFCD80B32268900EF8A76 /* Webmailer Daemon */ = {
			isa = PBXNativeTarget;
			buildConfigurationList = 8C6FFCDC0B32269000EF8A76 /* Build configuration list for PBXNativeTarget "Webmailer Daemon" */;
			buildPhases = (
				8C6FFCD50B32268900EF8A76 /* Resources */,
				8C6FFCD60B32268900EF8A76 /* Sources */,
				8C6FFCD70B32268900EF8A76 /* Frameworks */,
			);
			buildRules = (
			);
			dependencies = (
			);
			name = "Webmailer Daemon";
			productName = "Webmailer Daemon";
			productReference = 8C6FFCD90B32268900EF8A76 /* Webmailer.app */;
			productType = "com.apple.product-type.application";
		};
/* End PBXNativeTarget section */

/* Begin PBXProject section */
		29B97313FDCFA39411CA2CEA /* Project object */ = {
			isa = PBXProject;
			buildConfigurationList = C01FCF4E08A954540054247B /* Build configuration list for PBXProject "Webmailer" */;
			compatibilityVersion = "Xcode 3.1";
			developmentRegion = English;
			hasScannedForEncodings = 1;
			knownRegions = (
				English,
				Japanese,
				French,
				German,
			);
			mainGroup = 29B97314FDCFA39411CA2CEA /* Webmailer */;
			projectDirPath = "";
			projectRoot = "";
			targets = (
				8C5E07E80B37C14F00EC858C /* Build All */,
				8C6FFCD80B32268900EF8A76 /* Webmailer Daemon */,
				8C6FFB990B3220AC00EF8A76 /* Preference Pane */,
				8C379C980B46F81400F124AB /* Add Webmailer to Mail Handlers */,
				8C63D31912D2F0AA009196DF /* Tests */,
			);
		};
/* End PBXProject section */

/* Begin PBXResourcesBuildPhase section */
		8C379C950B46F81400F124AB /* Resources */ = {
			isa = PBXResourcesBuildPhase;
			buildActionMask = 2147483647;
			files = (
				8C379FF50B46FE5A00F124AB /* icon.icns in Resources */,
			);
			runOnlyForDeploymentPostprocessing = 0;
		};
		8C63D31512D2F0AA009196DF /* Resources */ = {
			isa = PBXResourcesBuildPhase;
			buildActionMask = 2147483647;
			files = (
			);
			runOnlyForDeploymentPostprocessing = 0;
		};
		8C6FFB960B3220AC00EF8A76 /* Resources */ = {
			isa = PBXResourcesBuildPhase;
			buildActionMask = 2147483647;
			files = (
				8C78582F0B326B5D00FB9370 /* Webmailer.app in Resources */,
				8C7858930B326E9E00FB9370 /* default.plist in Resources */,
				8CE4E5BF0B33A000000CAE73 /* icon_32.tiff in Resources */,
				8C8C5C20110A7CA800D57BBE /* download.png in Resources */,
				8C9E9903110BCE4B00BD7153 /* dsa_pub.pem in Resources */,
				8C3840BF156BE82F00F7B42C /* PrefPane.xib in Resources */,
				8C384192156C059500F7B42C /* AdditionalSettings.xib in Resources */,
				8CA47AE3156C930F007FF2BF /* Localizable.strings in Resources */,
				8C1C3A48156D4CB4005A334A /* drop.pdf in Resources */,
			);
			runOnlyForDeploymentPostprocessing = 0;
		};
		8C6FFCD50B32268900EF8A76 /* Resources */ = {
			isa = PBXResourcesBuildPhase;
			buildActionMask = 2147483647;
			files = (
				8CE4E5B10B339FD4000CAE73 /* icon.icns in Resources */,
				8C5E05730B37A96E00EC858C /* active.png in Resources */,
				8C0B73471564AB5A00FA1133 /* Webmailer.sdef in Resources */,
				8C38413D156BF47300F7B42C /* ConfigurationChooser.xib in Resources */,
			);
			runOnlyForDeploymentPostprocessing = 0;
		};
/* End PBXResourcesBuildPhase section */

/* Begin PBXShellScriptBuildPhase section */
		8C63D31812D2F0AA009196DF /* ShellScript */ = {
			isa = PBXShellScriptBuildPhase;
			buildActionMask = 2147483647;
			files = (
			);
			inputPaths = (
			);
			outputPaths = (
			);
			runOnlyForDeploymentPostprocessing = 0;
			shellPath = /bin/sh;
			shellScript = "# Run the unit tests in this test bundle.\n\"${SYSTEM_DEVELOPER_DIR}/Tools/RunUnitTests\"\n";
		};
		8C9E9A42110BE70100BD7153 /* Copy and Symlink Resources */ = {
			isa = PBXShellScriptBuildPhase;
			buildActionMask = 2147483647;
			files = (
			);
			inputPaths = (
			);
			name = "Copy and Symlink Resources";
			outputPaths = (
			);
			runOnlyForDeploymentPostprocessing = 0;
			shellPath = /bin/zsh;
			shellScript = "for img in \"${BUILT_PRODUCTS_DIR}/${UNLOCALIZED_RESOURCES_FOLDER_PATH}/Webmailer.app/Contents/Resources\"/*.{icns,png}; do\n\tln -sf \"Webmailer.app/Contents/Resources/$(basename $img)\" \"${BUILT_PRODUCTS_DIR}/${UNLOCALIZED_RESOURCES_FOLDER_PATH}/$(basename $img)\"\ndone\n\n# Workaround for Sparkle bug\ncp \"${BUILT_PRODUCTS_DIR}/${FRAMEWORKS_FOLDER_PATH}/Sparkle.framework/Resources/relaunch\" \"${BUILT_PRODUCTS_DIR}/${UNLOCALIZED_RESOURCES_FOLDER_PATH}/\"";
		};
		8C9E9B63110BEFDC00BD7153 /* Symlink Preference Pane */ = {
			isa = PBXShellScriptBuildPhase;
			buildActionMask = 2147483647;
			files = (
			);
			inputPaths = (
				"$(BUILT_PRODUCTS_DIR)/$(WRAPPER_NAME)",
			);
			name = "Symlink Preference Pane";
			outputPaths = (
				"~/Library/PreferencePanes/$(WRAPPER_NAME)",
			);
			runOnlyForDeploymentPostprocessing = 0;
			shellPath = /bin/zsh;
			shellScript = "if [[ -L \"$SCRIPT_OUTPUT_FILE_0\" ]]; then\n\tif [[ $(readlink \"$SCRIPT_OUTPUT_FILE_0\") == \"$SCRIPT_INPUT_FILE_0\" ]]; then\n\t\texit 0\n\tfi\n\trm \"$SCRIPT_OUTPUT_FILE_0\" 2>/dev/null\nfi\n\nif [[ ! -e \"$SCRIPT_OUTPUT_FILE_0\" ]]; then\n\techo ln -s \"$SCRIPT_INPUT_FILE_0\" \"$SCRIPT_OUTPUT_FILE_0\"\n\tln -s \"$SCRIPT_INPUT_FILE_0\" \"$SCRIPT_OUTPUT_FILE_0\"\nelse\n\techo warning: \"$SCRIPT_OUTPUT_FILE_0\" \"exists;\" an older version of $PRODUCT_NAME may be in the way\nfi\n";
		};
/* End PBXShellScriptBuildPhase section */

/* Begin PBXSourcesBuildPhase section */
		8C379C960B46F81400F124AB /* Sources */ = {
			isa = PBXSourcesBuildPhase;
			buildActionMask = 2147483647;
			files = (
				8C379CA10B46F87D00F124AB /* mailhandlers_main.m in Sources */,
			);
			runOnlyForDeploymentPostprocessing = 0;
		};
		8C63D31612D2F0AA009196DF /* Sources */ = {
			isa = PBXSourcesBuildPhase;
			buildActionMask = 2147483647;
			files = (
				8C63D34612D2F222009196DF /* NSString+PrototypeExpansion.m in Sources */,
				8C63D34D12D2F312009196DF /* TestFieldParsing.m in Sources */,
				8C083D4912ECDBC600A285FA /* TestPlaceholderExpansion.m in Sources */,
			);
			runOnlyForDeploymentPostprocessing = 0;
		};
		8C6FFB970B3220AC00EF8A76 /* Sources */ = {
			isa = PBXSourcesBuildPhase;
			buildActionMask = 2147483647;
			files = (
				8C6FFDB70B3228EB00EF8A76 /* WebmailerShared.m in Sources */,
				8C6FFDF10B322B2F00EF8A76 /* WebmailerPref.m in Sources */,
				8C6FFDF20B322B2F00EF8A76 /* ImageForStateTransformer.m in Sources */,
				8C6FFDF40B322B3100EF8A76 /* NoReturnEditTableView.m in Sources */,
				8C6F00470B323F0000EF8A76 /* NSDictionary+NSArray+PlistMutableCopy.m in Sources */,
				8C8018E10B33D17B005334D3 /* EditTrackingTableView.m in Sources */,
				8C2DF6D3104C6BA300729496 /* FullWidthView.m in Sources */,
				8CC5D1501056346200ED5BF7 /* BWHyperlinkButton.m in Sources */,
				8CC5D1511056346200ED5BF7 /* BWHyperlinkButtonCell.m in Sources */,
				8C3196C4110A5EC000556615 /* UpdateController.m in Sources */,
				8CC47321110C3BBA004BEF06 /* AddRemoveButtonsController.m in Sources */,
				8C155A6B151AEA98002068BF /* DefaultsDomain.m in Sources */,
				8C384198156C118300F7B42C /* ExtraSettingsController.m in Sources */,
				8CA479AB156C59B7007FF2BF /* URLHandlerController.m in Sources */,
				8C1C3A4B156D4CBE005A334A /* DropOverlayView.m in Sources */,
			);
			runOnlyForDeploymentPostprocessing = 0;
		};
		8C6FFCD60B32268900EF8A76 /* Sources */ = {
			isa = PBXSourcesBuildPhase;
			buildActionMask = 2147483647;
			files = (
				8C6FFCDF0B3226AF00EF8A76 /* WebmailerDaemon.m in Sources */,
				8C6FFDB60B3228EB00EF8A76 /* WebmailerShared.m in Sources */,
				8C5E05770B37A98500EC858C /* ImageForStateTransformer.m in Sources */,
				8C63D2E612D2E54C009196DF /* NSString+PrototypeExpansion.m in Sources */,
				8C155A6A151AEA98002068BF /* DefaultsDomain.m in Sources */,
				8C8BDD3B1566FB2600F28BE9 /* WebmailerConfiguration.m in Sources */,
				8CA47A6A156C8AC8007FF2BF /* main.m in Sources */,
			);
			runOnlyForDeploymentPostprocessing = 0;
		};
/* End PBXSourcesBuildPhase section */

/* Begin PBXTargetDependency section */
		8C083DB412ECEBE800A285FA /* PBXTargetDependency */ = {
			isa = PBXTargetDependency;
			target = 8C63D31912D2F0AA009196DF /* Tests */;
			targetProxy = 8C083DB312ECEBE800A285FA /* PBXContainerItemProxy */;
		};
		8C5E07EA0B37C15B00EC858C /* PBXTargetDependency */ = {
			isa = PBXTargetDependency;
			target = 8C6FFB990B3220AC00EF8A76 /* Preference Pane */;
			targetProxy = 8C5E07E90B37C15B00EC858C /* PBXContainerItemProxy */;
		};
		8C7858310B326B6400FB9370 /* PBXTargetDependency */ = {
			isa = PBXTargetDependency;
			target = 8C6FFCD80B32268900EF8A76 /* Webmailer Daemon */;
			targetProxy = 8C7858300B326B6400FB9370 /* PBXContainerItemProxy */;
		};
		8CAE449A104B7909005F3191 /* PBXTargetDependency */ = {
			isa = PBXTargetDependency;
			target = 8C379C980B46F81400F124AB /* Add Webmailer to Mail Handlers */;
			targetProxy = 8CAE4499104B7909005F3191 /* PBXContainerItemProxy */;
		};
/* End PBXTargetDependency section */

/* Begin PBXVariantGroup section */
		8C3840BD156BE82F00F7B42C /* PrefPane.xib */ = {
			isa = PBXVariantGroup;
			children = (
				8C3840BE156BE82F00F7B42C /* English */,
			);
			name = PrefPane.xib;
			sourceTree = "<group>";
		};
		8C38413B156BF47300F7B42C /* ConfigurationChooser.xib */ = {
			isa = PBXVariantGroup;
			children = (
				8C38413C156BF47300F7B42C /* English */,
			);
			name = ConfigurationChooser.xib;
			sourceTree = "<group>";
		};
		8C384190156C059500F7B42C /* AdditionalSettings.xib */ = {
			isa = PBXVariantGroup;
			children = (
				8C384191156C059500F7B42C /* English */,
			);
			name = AdditionalSettings.xib;
			sourceTree = "<group>";
		};
		8CA47AE2156C930F007FF2BF /* Localizable.strings */ = {
			isa = PBXVariantGroup;
			children = (
				8CA47AE0156C930B007FF2BF /* English */,
			);
			name = Localizable.strings;
			sourceTree = "<group>";
		};
/* End PBXVariantGroup section */

/* Begin XCBuildConfiguration section */
		8C379C9D0B46F81600F124AB /* Debug */ = {
			isa = XCBuildConfiguration;
			buildSettings = {
				COPY_PHASE_STRIP = NO;
				GCC_DYNAMIC_NO_PIC = NO;
				GCC_ENABLE_FIX_AND_CONTINUE = YES;
				GCC_MODEL_TUNING = G5;
				GCC_OPTIMIZATION_LEVEL = 0;
				GCC_PRECOMPILE_PREFIX_HEADER = YES;
				GCC_PREFIX_HEADER = "$(SYSTEM_LIBRARY_DIR)/Frameworks/AppKit.framework/Headers/AppKit.h";
				INFOPLIST_FILE = "Add Webmailer to Mail Handlers-Info.plist";
				INSTALL_PATH = "$(HOME)/Applications";
				PREBINDING = NO;
				PRODUCT_NAME = "Add Webmailer to Mail Handlers";
				WRAPPER_EXTENSION = app;
			};
			name = Debug;
		};
		8C379C9E0B46F81600F124AB /* Release */ = {
			isa = XCBuildConfiguration;
			buildSettings = {
				COPY_PHASE_STRIP = YES;
				GCC_ENABLE_FIX_AND_CONTINUE = NO;
				GCC_MODEL_TUNING = G5;
				GCC_PRECOMPILE_PREFIX_HEADER = YES;
				GCC_PREFIX_HEADER = "$(SYSTEM_LIBRARY_DIR)/Frameworks/AppKit.framework/Headers/AppKit.h";
				INFOPLIST_FILE = "Add Webmailer to Mail Handlers-Info.plist";
				INSTALL_PATH = "$(HOME)/Applications";
				PREBINDING = NO;
				PRODUCT_NAME = "Add Webmailer to Mail Handlers";
				WRAPPER_EXTENSION = app;
			};
			name = Release;
		};
		8C5E08020B37C18500EC858C /* Debug */ = {
			isa = XCBuildConfiguration;
			buildSettings = {
				COPY_PHASE_STRIP = NO;
				GCC_DYNAMIC_NO_PIC = NO;
				GCC_GENERATE_DEBUGGING_SYMBOLS = YES;
				GCC_OPTIMIZATION_LEVEL = 0;
				PRODUCT_NAME = "Build All";
			};
			name = Debug;
		};
		8C5E08030B37C18500EC858C /* Release */ = {
			isa = XCBuildConfiguration;
			buildSettings = {
				COPY_PHASE_STRIP = YES;
				GCC_ENABLE_FIX_AND_CONTINUE = NO;
				GCC_GENERATE_DEBUGGING_SYMBOLS = NO;
				PRODUCT_NAME = "Build All";
				ZERO_LINK = NO;
			};
			name = Release;
		};
		8C63D31C12D2F0AB009196DF /* Debug */ = {
			isa = XCBuildConfiguration;
			buildSettings = {
				ALWAYS_SEARCH_USER_PATHS = NO;
				COPY_PHASE_STRIP = NO;
				FRAMEWORK_SEARCH_PATHS = "$(DEVELOPER_LIBRARY_DIR)/Frameworks";
				GCC_DYNAMIC_NO_PIC = NO;
				GCC_ENABLE_FIX_AND_CONTINUE = NO;
				GCC_ENABLE_OBJC_EXCEPTIONS = YES;
				GCC_MODEL_TUNING = G5;
				GCC_OPTIMIZATION_LEVEL = 0;
				GCC_PRECOMPILE_PREFIX_HEADER = YES;
				GCC_PREFIX_HEADER = "$(SYSTEM_LIBRARY_DIR)/Frameworks/Cocoa.framework/Headers/Cocoa.h";
				INFOPLIST_FILE = "Tests-Info.plist";
				INSTALL_PATH = "$(USER_LIBRARY_DIR)/Bundles";
				OTHER_LDFLAGS = (
					"-framework",
					Cocoa,
					"-framework",
					SenTestingKit,
				);
				PREBINDING = NO;
				PRODUCT_NAME = Tests;
				WRAPPER_EXTENSION = octest;
			};
			name = Debug;
		};
		8C63D31D12D2F0AB009196DF /* Release */ = {
			isa = XCBuildConfiguration;
			buildSettings = {
				ALWAYS_SEARCH_USER_PATHS = NO;
				COPY_PHASE_STRIP = YES;
				DEBUG_INFORMATION_FORMAT = "dwarf-with-dsym";
				FRAMEWORK_SEARCH_PATHS = "$(DEVELOPER_LIBRARY_DIR)/Frameworks";
				GCC_ENABLE_FIX_AND_CONTINUE = NO;
				GCC_ENABLE_OBJC_EXCEPTIONS = YES;
				GCC_MODEL_TUNING = G5;
				GCC_PRECOMPILE_PREFIX_HEADER = YES;
				GCC_PREFIX_HEADER = "$(SYSTEM_LIBRARY_DIR)/Frameworks/Cocoa.framework/Headers/Cocoa.h";
				INFOPLIST_FILE = "Tests-Info.plist";
				INSTALL_PATH = "$(USER_LIBRARY_DIR)/Bundles";
				OTHER_LDFLAGS = (
					"-framework",
					Cocoa,
					"-framework",
					SenTestingKit,
				);
				PREBINDING = NO;
				PRODUCT_NAME = Tests;
				WRAPPER_EXTENSION = octest;
				ZERO_LINK = NO;
			};
			name = Release;
		};
		8C6FFB9D0B3220AD00EF8A76 /* Debug */ = {
			isa = XCBuildConfiguration;
			buildSettings = {
				COPY_PHASE_STRIP = NO;
				FRAMEWORK_SEARCH_PATHS = (
					"$(inherited)",
					"\"$(SRCROOT)/Sparkle\"",
					"\"$(SRCROOT)\"",
				);
				GCC_C_LANGUAGE_STANDARD = gnu99;
				GCC_DYNAMIC_NO_PIC = NO;
				GCC_ENABLE_FIX_AND_CONTINUE = YES;
				GCC_ENABLE_OBJC_GC = supported;
				GCC_OPTIMIZATION_LEVEL = 0;
				GCC_PRECOMPILE_PREFIX_HEADER = YES;
				GCC_PREFIX_HEADER = "$(SYSTEM_LIBRARY_DIR)/Frameworks/Cocoa.framework/Headers/Cocoa.h";
				INFOPLIST_FILE = "Preference Pane-Info.plist";
				INSTALL_PATH = "$(HOME)/Library/PreferencePanes";
				ONLY_ACTIVE_ARCH = YES;
				OTHER_LDFLAGS = "-ObjC";
				PRODUCT_NAME = Webmailer;
				WRAPPER_EXTENSION = prefPane;
			};
			name = Debug;
		};
		8C6FFB9E0B3220AD00EF8A76 /* Release */ = {
			isa = XCBuildConfiguration;
			buildSettings = {
				COPY_PHASE_STRIP = YES;
				FRAMEWORK_SEARCH_PATHS = (
					"$(inherited)",
					"\"$(SRCROOT)/Sparkle\"",
					"\"$(SRCROOT)\"",
				);
				GCC_C_LANGUAGE_STANDARD = gnu99;
				GCC_ENABLE_FIX_AND_CONTINUE = NO;
				GCC_ENABLE_OBJC_GC = supported;
				GCC_MODEL_TUNING = G5;
				GCC_PRECOMPILE_PREFIX_HEADER = YES;
				GCC_PREFIX_HEADER = "$(SYSTEM_LIBRARY_DIR)/Frameworks/Cocoa.framework/Headers/Cocoa.h";
				INFOPLIST_FILE = "Preference Pane-Info.plist";
				INSTALL_PATH = "$(HOME)/Library/PreferencePanes";
				OTHER_LDFLAGS = "-ObjC";
				PRODUCT_NAME = Webmailer;
				WRAPPER_EXTENSION = prefPane;
			};
			name = Release;
		};
		8C6FFCDD0B32269000EF8A76 /* Debug */ = {
			isa = XCBuildConfiguration;
			buildSettings = {
				COPY_PHASE_STRIP = NO;
				GCC_DYNAMIC_NO_PIC = NO;
				GCC_ENABLE_FIX_AND_CONTINUE = YES;
				GCC_GENERATE_DEBUGGING_SYMBOLS = YES;
				GCC_MODEL_TUNING = G5;
				GCC_OPTIMIZATION_LEVEL = 0;
				GCC_PRECOMPILE_PREFIX_HEADER = YES;
				GCC_PREFIX_HEADER = "$(SYSTEM_LIBRARY_DIR)/Frameworks/Cocoa.framework/Headers/Cocoa.h";
				GCC_VERSION = com.apple.compilers.llvm.clang.1_0;
				INFOPLIST_FILE = "Webmailer Daemon-Info.plist";
				INSTALL_PATH = "$(HOME)/Applications";
				PREBINDING = NO;
				PRODUCT_NAME = Webmailer;
				WRAPPER_EXTENSION = app;
			};
			name = Debug;
		};
		8C6FFCDE0B32269000EF8A76 /* Release */ = {
			isa = XCBuildConfiguration;
			buildSettings = {
				COPY_PHASE_STRIP = YES;
				GCC_ENABLE_FIX_AND_CONTINUE = NO;
				GCC_GENERATE_DEBUGGING_SYMBOLS = NO;
				GCC_MODEL_TUNING = G5;
				GCC_PRECOMPILE_PREFIX_HEADER = YES;
				GCC_PREFIX_HEADER = "$(SYSTEM_LIBRARY_DIR)/Frameworks/Cocoa.framework/Headers/Cocoa.h";
				INFOPLIST_FILE = "Webmailer Daemon-Info.plist";
				INSTALL_PATH = "$(HOME)/Applications";
				PREBINDING = NO;
				PRODUCT_NAME = Webmailer;
				WRAPPER_EXTENSION = app;
			};
			name = Release;
		};
		C01FCF4F08A954540054247B /* Debug */ = {
			isa = XCBuildConfiguration;
			buildSettings = {
				ARCHS = "$(ARCHS_STANDARD_32_64_BIT)";
				DEBUG_INFORMATION_FORMAT = dwarf;
				GCC_VERSION = com.apple.compilers.llvmgcc42;
				GCC_WARN_ABOUT_RETURN_TYPE = YES;
				GCC_WARN_UNUSED_VARIABLE = YES;
				MACOSX_DEPLOYMENT_TARGET = 10.5;
				"SDKROOT[arch=ppc]" = macosx10.5;
			};
			name = Debug;
		};
		C01FCF5008A954540054247B /* Release */ = {
			isa = XCBuildConfiguration;
			buildSettings = {
				ARCHS = "$(ARCHS_STANDARD_32_64_BIT)";
				DEBUG_INFORMATION_FORMAT = "dwarf-with-dsym";
				GCC_VERSION = com.apple.compilers.llvmgcc42;
				GCC_WARN_ABOUT_RETURN_TYPE = YES;
				GCC_WARN_UNUSED_VARIABLE = YES;
				MACOSX_DEPLOYMENT_TARGET = 10.5;
				PREBINDING = NO;
				"SDKROOT[arch=ppc]" = macosx10.5;
				STRIP_INSTALLED_PRODUCT = YES;
			};
			name = Release;
		};
/* End XCBuildConfiguration section */

/* Begin XCConfigurationList section */
		8C379C9C0B46F81600F124AB /* Build configuration list for PBXNativeTarget "Add Webmailer to Mail Handlers" */ = {
			isa = XCConfigurationList;
			buildConfigurations = (
				8C379C9D0B46F81600F124AB /* Debug */,
				8C379C9E0B46F81600F124AB /* Release */,
			);
			defaultConfigurationIsVisible = 0;
			defaultConfigurationName = Debug;
		};
		8C5E08010B37C18500EC858C /* Build configuration list for PBXAggregateTarget "Build All" */ = {
			isa = XCConfigurationList;
			buildConfigurations = (
				8C5E08020B37C18500EC858C /* Debug */,
				8C5E08030B37C18500EC858C /* Release */,
			);
			defaultConfigurationIsVisible = 0;
			defaultConfigurationName = Debug;
		};
		8C63D31E12D2F0AB009196DF /* Build configuration list for PBXNativeTarget "Tests" */ = {
			isa = XCConfigurationList;
			buildConfigurations = (
				8C63D31C12D2F0AB009196DF /* Debug */,
				8C63D31D12D2F0AB009196DF /* Release */,
			);
			defaultConfigurationIsVisible = 0;
			defaultConfigurationName = Debug;
		};
		8C6FFB9C0B3220AD00EF8A76 /* Build configuration list for PBXNativeTarget "Preference Pane" */ = {
			isa = XCConfigurationList;
			buildConfigurations = (
				8C6FFB9D0B3220AD00EF8A76 /* Debug */,
				8C6FFB9E0B3220AD00EF8A76 /* Release */,
			);
			defaultConfigurationIsVisible = 0;
			defaultConfigurationName = Debug;
		};
		8C6FFCDC0B32269000EF8A76 /* Build configuration list for PBXNativeTarget "Webmailer Daemon" */ = {
			isa = XCConfigurationList;
			buildConfigurations = (
				8C6FFCDD0B32269000EF8A76 /* Debug */,
				8C6FFCDE0B32269000EF8A76 /* Release */,
			);
			defaultConfigurationIsVisible = 0;
			defaultConfigurationName = Debug;
		};
		C01FCF4E08A954540054247B /* Build configuration list for PBXProject "Webmailer" */ = {
			isa = XCConfigurationList;
			buildConfigurations = (
				C01FCF4F08A954540054247B /* Debug */,
				C01FCF5008A954540054247B /* Release */,
			);
			defaultConfigurationIsVisible = 0;
			defaultConfigurationName = Debug;
		};
/* End XCConfigurationList section */
	};
	rootObject = 29B97313FDCFA39411CA2CEA /* Project object */;
}
